
Microsoft Visual Studio Solution File, Format Version 12.00
# Visual Studio 15
VisualStudioVersion = 15.0.27703.2000
MinimumVisualStudioVersion = 10.0.40219.1
Project("{FAE04EC0-301F-11D3-BF4B-00C04F79EFBC}") = "WebApi", "WebApi\WebApi.csproj", "{DC4FC819-ADEF-46A9-90FA-3901871462D3}"
EndProject
Project("{E53339B2-1760-4266-BCC7-CA923CBCF16C}") = "docker-compose", "docker-compose.dcproj", "{1F5E2A77-3795-4578-B129-8FEFAB271165}"
EndProject
Global
	GlobalSection(SolutionConfigurationPlatforms) = preSolution
		Debug|Any CPU = Debug|Any CPU
		Release|Any CPU = Release|Any CPU
	EndGlobalSection
	GlobalSection(ProjectConfigurationPlatforms) = postSolution
		{DC4FC819-ADEF-46A9-90FA-3901871462D3}.Debug|Any CPU.ActiveCfg = Debug|Any CPU
		{DC4FC819-ADEF-46A9-90FA-3901871462D3}.Debug|Any CPU.Build.0 = Debug|Any CPU
		{DC4FC819-ADEF-46A9-90FA-3901871462D3}.Release|Any CPU.ActiveCfg = Release|Any CPU
		{DC4FC819-ADEF-46A9-90FA-3901871462D3}.Release|Any CPU.Build.0 = Release|Any CPU
		{1F5E2A77-3795-4578-B129-8FEFAB271165}.Debug|Any CPU.ActiveCfg = Debug|Any CPU
		{1F5E2A77-3795-4578-B129-8FEFAB271165}.Debug|Any CPU.Build.0 = Debug|Any CPU
		{1F5E2A77-3795-4578-B129-8FEFAB271165}.Release|Any CPU.ActiveCfg = Release|Any CPU
		{1F5E2A77-3795-4578-B129-8FEFAB271165}.Release|Any CPU.Build.0 = Release|Any CPU
	EndGlobalSection
	GlobalSection(SolutionProperties) = preSolution
		HideSolutionNode = FALSE
	EndGlobalSection
	GlobalSection(ExtensibilityGlobals) = postSolution
		SolutionGuid = {C840F5A2-37A5-4F93-9A63-A1EB35846BDE}
	EndGlobalSection
EndGlobal
